{
  "name": "remix3-app",
  "version": "0.1.0",
  "lockfileVersion": 3,
  "requires": true,
  "packages": {
    "": {
      "name": "remix3-app",
      "version": "0.1.0",
      "dependencies": {
        "remix": "3.0.0-alpha.3"
      },
      "devDependencies": {
        "@types/node": "^20",
        "esbuild": "^0.20.0",
        "typescript": "^5"
      }
    },
    "node_modules/@esbuild/aix-ppc64": {
      "version": "0.20.2",
      "resolved": "https://registry.npmjs.org/@esbuild/aix-ppc64/-/aix-ppc64-0.20.2.tgz",
      "integrity": "sha512-D+EBOJHXdNZcLJRBkhENNG8Wji2kgc9AZ9KiPr1JuZjsNtyHzrsfLRrY0tk2H2aoFu6RANO1y1iPPUCDYWkb5g==",
      "cpu": [
        "ppc64"
      ],
      "dev": true,
      "license": "MIT",
      "optional": true,
      "os": [
        "aix"
      ],
      "engines": {
        "node": ">=12"
      }
    },
    "node_modules/@esbuild/android-arm": {
      "version": "0.20.2",
      "resolved": "https://registry.npmjs.org/@esbuild/android-arm/-/android-arm-0.20.2.tgz",
      "integrity": "sha512-t98Ra6pw2VaDhqNWO2Oph2LXbz/EJcnLmKLGBJwEwXX/JAN83Fym1rU8l0JUWK6HkIbWONCSSatf4sf2NBRx/w==",
      "cpu": [
        "arm"
      ],
      "dev": true,
      "license": "MIT",
      "optional": true,
      "os": [
        "android"
      ],
      "engines": {
        "node": ">=12"
      }
    },
    "node_modules/@esbuild/android-arm64": {
      "version": "0.20.2",
      "resolved": "https://registry.npmjs.org/@esbuild/android-arm64/-/android-arm64-0.20.2.tgz",
      "integrity": "sha512-mRzjLacRtl/tWU0SvD8lUEwb61yP9cqQo6noDZP/O8VkwafSYwZ4yWy24kan8jE/IMERpYncRt2dw438LP3Xmg==",
      "cpu": [
        "arm64"
      ],
      "dev": true,
      "license": "MIT",
      "optional": true,
      "os": [
        "android"
      ],
      "engines": {
        "node": ">=12"
      }
    },
    "node_modules/@esbuild/android-x64": {
      "version": "0.20.2",
      "resolved": "https://registry.npmjs.org/@esbuild/android-x64/-/android-x64-0.20.2.tgz",
      "integrity": "sha512-btzExgV+/lMGDDa194CcUQm53ncxzeBrWJcncOBxuC6ndBkKxnHdFJn86mCIgTELsooUmwUm9FkhSp5HYu00Rg==",
      "cpu": [
        "x64"
      ],
      "dev": true,
      "license": "MIT",
      "optional": true,
      "os": [
        "android"
      ],
      "engines": {
        "node": ">=12"
      }
    },
    "node_modules/@esbuild/darwin-arm64": {
      "version": "0.20.2",
      "resolved": "https://registry.npmjs.org/@esbuild/darwin-arm64/-/darwin-arm64-0.20.2.tgz",
      "integrity": "sha512-4J6IRT+10J3aJH3l1yzEg9y3wkTDgDk7TSDFX+wKFiWjqWp/iCfLIYzGyasx9l0SAFPT1HwSCR+0w/h1ES/MjA==",
      "cpu": [
        "arm64"
      ],
      "dev": true,
      "license": "MIT",
      "optional": true,
      "os": [
        "darwin"
      ],
      "engines": {
        "node": ">=12"
      }
    },
    "node_modules/@esbuild/darwin-x64": {
      "version": "0.20.2",
      "resolved": "https://registry.npmjs.org/@esbuild/darwin-x64/-/darwin-x64-0.20.2.tgz",
      "integrity": "sha512-tBcXp9KNphnNH0dfhv8KYkZhjc+H3XBkF5DKtswJblV7KlT9EI2+jeA8DgBjp908WEuYll6pF+UStUCfEpdysA==",
      "cpu": [
        "x64"
      ],
      "dev": true,
      "license": "MIT",
      "optional": true,
      "os": [
        "darwin"
      ],
      "engines": {
        "node": ">=12"
      }
    },
    "node_modules/@esbuild/freebsd-arm64": {
      "version": "0.20.2",
      "resolved": "https://registry.npmjs.org/@esbuild/freebsd-arm64/-/freebsd-arm64-0.20.2.tgz",
      "integrity": "sha512-d3qI41G4SuLiCGCFGUrKsSeTXyWG6yem1KcGZVS+3FYlYhtNoNgYrWcvkOoaqMhwXSMrZRl69ArHsGJ9mYdbbw==",
      "cpu": [
        "arm64"
      ],
      "dev": true,
      "license": "MIT",
      "optional": true,
      "os": [
        "freebsd"
      ],
      "engines": {
        "node": ">=12"
      }
    },
    "node_modules/@esbuild/freebsd-x64": {
      "version": "0.20.2",
      "resolved": "https://registry.npmjs.org/@esbuild/freebsd-x64/-/freebsd-x64-0.20.2.tgz",
      "integrity": "sha512-d+DipyvHRuqEeM5zDivKV1KuXn9WeRX6vqSqIDgwIfPQtwMP4jaDsQsDncjTDDsExT4lR/91OLjRo8bmC1e+Cw==",
      "cpu": [
        "x64"
      ],
      "dev": true,
      "license": "MIT",
      "optional": true,
      "os": [
        "freebsd"
      ],
      "engines": {
        "node": ">=12"
      }
    },
    "node_modules/@esbuild/linux-arm": {
      "version": "0.20.2",
      "resolved": "https://registry.npmjs.org/@esbuild/linux-arm/-/linux-arm-0.20.2.tgz",
      "integrity": "sha512-VhLPeR8HTMPccbuWWcEUD1Az68TqaTYyj6nfE4QByZIQEQVWBB8vup8PpR7y1QHL3CpcF6xd5WVBU/+SBEvGTg==",
      "cpu": [
        "arm"
      ],
      "dev": true,
      "license": "MIT",
      "optional": true,
      "os": [
        "linux"
      ],
      "engines": {
        "node": ">=12"
      }
    },
    "node_modules/@esbuild/linux-arm64": {
      "version": "0.20.2",
      "resolved": "https://registry.npmjs.org/@esbuild/linux-arm64/-/linux-arm64-0.20.2.tgz",
      "integrity": "sha512-9pb6rBjGvTFNira2FLIWqDk/uaf42sSyLE8j1rnUpuzsODBq7FvpwHYZxQ/It/8b+QOS1RYfqgGFNLRI+qlq2A==",
      "cpu": [
        "arm64"
      ],
      "dev": true,
      "license": "MIT",
      "optional": true,
      "os": [
        "linux"
      ],
      "engines": {
        "node": ">=12"
      }
    },
    "node_modules/@esbuild/linux-ia32": {
      "version": "0.20.2",
      "resolved": "https://registry.npmjs.org/@esbuild/linux-ia32/-/linux-ia32-0.20.2.tgz",
      "integrity": "sha512-o10utieEkNPFDZFQm9CoP7Tvb33UutoJqg3qKf1PWVeeJhJw0Q347PxMvBgVVFgouYLGIhFYG0UGdBumROyiig==",
      "cpu": [
        "ia32"
      ],
      "dev": true,
      "license": "MIT",
      "optional": true,
      "os": [
        "linux"
      ],
      "engines": {
        "node": ">=12"
      }
    },
    "node_modules/@esbuild/linux-loong64": {
      "version": "0.20.2",
      "resolved": "https://registry.npmjs.org/@esbuild/linux-loong64/-/linux-loong64-0.20.2.tgz",
      "integrity": "sha512-PR7sp6R/UC4CFVomVINKJ80pMFlfDfMQMYynX7t1tNTeivQ6XdX5r2XovMmha/VjR1YN/HgHWsVcTRIMkymrgQ==",
      "cpu": [
        "loong64"
      ],
      "dev": true,
      "license": "MIT",
      "optional": true,
      "os": [
        "linux"
      ],
      "engines": {
        "node": ">=12"
      }
    },
    "node_modules/@esbuild/linux-mips64el": {
      "version": "0.20.2",
      "resolved": "https://registry.npmjs.org/@esbuild/linux-mips64el/-/linux-mips64el-0.20.2.tgz",
      "integrity": "sha512-4BlTqeutE/KnOiTG5Y6Sb/Hw6hsBOZapOVF6njAESHInhlQAghVVZL1ZpIctBOoTFbQyGW+LsVYZ8lSSB3wkjA==",
      "cpu": [
        "mips64el"
      ],
      "dev": true,
      "license": "MIT",
      "optional": true,
      "os": [
        "linux"
      ],
      "engines": {
        "node": ">=12"
      }
    },
    "node_modules/@esbuild/linux-ppc64": {
      "version": "0.20.2",
      "resolved": "https://registry.npmjs.org/@esbuild/linux-ppc64/-/linux-ppc64-0.20.2.tgz",
      "integrity": "sha512-rD3KsaDprDcfajSKdn25ooz5J5/fWBylaaXkuotBDGnMnDP1Uv5DLAN/45qfnf3JDYyJv/ytGHQaziHUdyzaAg==",
      "cpu": [
        "ppc64"
      ],
      "dev": true,
      "license": "MIT",
      "optional": true,
      "os": [
        "linux"
      ],
      "engines": {
        "node": ">=12"
      }
    },
    "node_modules/@esbuild/linux-riscv64": {
      "version": "0.20.2",
      "resolved": "https://registry.npmjs.org/@esbuild/linux-riscv64/-/linux-riscv64-0.20.2.tgz",
      "integrity": "sha512-snwmBKacKmwTMmhLlz/3aH1Q9T8v45bKYGE3j26TsaOVtjIag4wLfWSiZykXzXuE1kbCE+zJRmwp+ZbIHinnVg==",
      "cpu": [
        "riscv64"
      ],
      "dev": true,
      "license": "MIT",
      "optional": true,
      "os": [
        "linux"
      ],
      "engines": {
        "node": ">=12"
      }
    },
    "node_modules/@esbuild/linux-s390x": {
      "version": "0.20.2",
      "resolved": "https://registry.npmjs.org/@esbuild/linux-s390x/-/linux-s390x-0.20.2.tgz",
      "integrity": "sha512-wcWISOobRWNm3cezm5HOZcYz1sKoHLd8VL1dl309DiixxVFoFe/o8HnwuIwn6sXre88Nwj+VwZUvJf4AFxkyrQ==",
      "cpu": [
        "s390x"
      ],
      "dev": true,
      "license": "MIT",
      "optional": true,
      "os": [
        "linux"
      ],
      "engines": {
        "node": ">=12"
      }
    },
    "node_modules/@esbuild/linux-x64": {
      "version": "0.20.2",
      "resolved": "https://registry.npmjs.org/@esbuild/linux-x64/-/linux-x64-0.20.2.tgz",
      "integrity": "sha512-1MdwI6OOTsfQfek8sLwgyjOXAu+wKhLEoaOLTjbijk6E2WONYpH9ZU2mNtR+lZ2B4uwr+usqGuVfFT9tMtGvGw==",
      "cpu": [
        "x64"
      ],
      "dev": true,
      "license": "MIT",
      "optional": true,
      "os": [
        "linux"
      ],
      "engines": {
        "node": ">=12"
      }
    },
    "node_modules/@esbuild/netbsd-x64": {
      "version": "0.20.2",
      "resolved": "https://registry.npmjs.org/@esbuild/netbsd-x64/-/netbsd-x64-0.20.2.tgz",
      "integrity": "sha512-K8/DhBxcVQkzYc43yJXDSyjlFeHQJBiowJ0uVL6Tor3jGQfSGHNNJcWxNbOI8v5k82prYqzPuwkzHt3J1T1iZQ==",
      "cpu": [
        "x64"
      ],
      "dev": true,
      "license": "MIT",
      "optional": true,
      "os": [
        "netbsd"
      ],
      "engines": {
        "node": ">=12"
      }
    },
    "node_modules/@esbuild/openbsd-x64": {
      "version": "0.20.2",
      "resolved": "https://registry.npmjs.org/@esbuild/openbsd-x64/-/openbsd-x64-0.20.2.tgz",
      "integrity": "sha512-eMpKlV0SThJmmJgiVyN9jTPJ2VBPquf6Kt/nAoo6DgHAoN57K15ZghiHaMvqjCye/uU4X5u3YSMgVBI1h3vKrQ==",
      "cpu": [
        "x64"
      ],
      "dev": true,
      "license": "MIT",
      "optional": true,
      "os": [
        "openbsd"
      ],
      "engines": {
        "node": ">=12"
      }
    },
    "node_modules/@esbuild/sunos-x64": {
      "version": "0.20.2",
      "resolved": "https://registry.npmjs.org/@esbuild/sunos-x64/-/sunos-x64-0.20.2.tgz",
      "integrity": "sha512-2UyFtRC6cXLyejf/YEld4Hajo7UHILetzE1vsRcGL3earZEW77JxrFjH4Ez2qaTiEfMgAXxfAZCm1fvM/G/o8w==",
      "cpu": [
        "x64"
      ],
      "dev": true,
      "license": "MIT",
      "optional": true,
      "os": [
        "sunos"
      ],
      "engines": {
        "node": ">=12"
      }
    },
    "node_modules/@esbuild/win32-arm64": {
      "version": "0.20.2",
      "resolved": "https://registry.npmjs.org/@esbuild/win32-arm64/-/win32-arm64-0.20.2.tgz",
      "integrity": "sha512-GRibxoawM9ZCnDxnP3usoUDO9vUkpAxIIZ6GQI+IlVmr5kP3zUq+l17xELTHMWTWzjxa2guPNyrpq1GWmPvcGQ==",
      "cpu": [
        "arm64"
      ],
      "dev": true,
      "license": "MIT",
      "optional": true,
      "os": [
        "win32"
      ],
      "engines": {
        "node": ">=12"
      }
    },
    "node_modules/@esbuild/win32-ia32": {
      "version": "0.20.2",
      "resolved": "https://registry.npmjs.org/@esbuild/win32-ia32/-/win32-ia32-0.20.2.tgz",
      "integrity": "sha512-HfLOfn9YWmkSKRQqovpnITazdtquEW8/SoHW7pWpuEeguaZI4QnCRW6b+oZTztdBnZOS2hqJ6im/D5cPzBTTlQ==",
      "cpu": [
        "ia32"
      ],
      "dev": true,
      "license": "MIT",
      "optional": true,
      "os": [
        "win32"
      ],
      "engines": {
        "node": ">=12"
      }
    },
    "node_modules/@esbuild/win32-x64": {
      "version": "0.20.2",
      "resolved": "https://registry.npmjs.org/@esbuild/win32-x64/-/win32-x64-0.20.2.tgz",
      "integrity": "sha512-N49X4lJX27+l9jbLKSqZ6bKNjzQvHaT8IIFUy+YIqmXQdjYCToGWwOItDrfby14c78aDd5NHQl29xingXfCdLQ==",
      "cpu": [
        "x64"
      ],
      "dev": true,
      "license": "MIT",
      "optional": true,
      "os": [
        "win32"
      ],
      "engines": {
        "node": ">=12"
      }
    },
    "node_modules/@remix-run/async-context-middleware": {
      "version": "0.1.3",
      "resolved": "https://registry.npmjs.org/@remix-run/async-context-middleware/-/async-context-middleware-0.1.3.tgz",
      "integrity": "sha512-z2hTnQspCWsKka1QxAu5qf+IRbMYwTBmwL28zCk8nIPcYxG19rDbBeRmfQZ9hxHes72XVDu3Fd3ArLTy8bivdw==",
      "license": "MIT",
      "dependencies": {
        "@remix-run/fetch-router": "^0.17.0"
      }
    },
    "node_modules/@remix-run/component": {
      "version": "0.5.0",
      "resolved": "https://registry.npmjs.org/@remix-run/component/-/component-0.5.0.tgz",
      "integrity": "sha512-xRLOcgwWKZxFdj63bWi3/snC2uxkm978B49EGEv1/G43iBFksYjS4ADanfYxREvQjMlaCqSUH0ZTZsJbGsz3PQ==",
      "license": "MIT",
      "dependencies": {
        "@remix-run/interaction": "^0.5.0"
      }
    },
    "node_modules/@remix-run/compression-middleware": {
      "version": "0.1.3",
      "resolved": "https://registry.npmjs.org/@remix-run/compression-middleware/-/compression-middleware-0.1.3.tgz",
      "integrity": "sha512-pKsKtIzW/yjCbftSQRYfvnKKdq65Nu+YEhbQooiXtmd1Ub4inHSrzeA/vca3sQkBnBr/eRA9uujxIszRe+6LAg==",
      "license": "MIT",
      "dependencies": {
        "@remix-run/fetch-router": "^0.17.0",
        "@remix-run/mime": "^0.4.0",
        "@remix-run/response": "^0.3.2"
      }
    },
    "node_modules/@remix-run/cookie": {
      "version": "0.5.1",
      "resolved": "https://registry.npmjs.org/@remix-run/cookie/-/cookie-0.5.1.tgz",
      "integrity": "sha512-gbeZfVd1AKRlFj3IJWcIcR6zqVGz2XGJhR+mcqYiWnYt6KM8oUGtc82dsc4qZnWWA1f0nM4/He9wrU4GjB0pag==",
      "license": "MIT",
      "dependencies": {
        "@remix-run/headers": "^0.19.0"
      }
    },
    "node_modules/@remix-run/data-schema": {
      "version": "0.1.0",
      "resolved": "https://registry.npmjs.org/@remix-run/data-schema/-/data-schema-0.1.0.tgz",
      "integrity": "sha512-PzpYP9P19cb8bS7Y9+MSxyAWGy0n13sx1lYOMoKI+iEx7pdB2ZLaiidwcn1l6AeR6gjVIpuzyM6/UONG3bzboA==",
      "license": "MIT",
      "dependencies": {
        "@standard-schema/spec": "^1.1.0"
      }
    },
    "node_modules/@remix-run/data-table": {
      "version": "0.1.0",
      "resolved": "https://registry.npmjs.org/@remix-run/data-table/-/data-table-0.1.0.tgz",
      "integrity": "sha512-u70INxiF9pThV2LcP7y37G7eq16OXWrA+HXS8qNplQgJJd1zhwZrODOtfF9U+PKLiWQkBj+bEeh7QhOlvGsVDg==",
      "license": "MIT",
      "dependencies": {
        "@remix-run/data-schema": "^0.1.0"
      }
    },
    "node_modules/@remix-run/data-table-mysql": {
      "version": "0.1.0",
      "resolved": "https://registry.npmjs.org/@remix-run/data-table-mysql/-/data-table-mysql-0.1.0.tgz",
      "integrity": "sha512-lzghxTYZDHODNisIJWkq4IkcGsb1pUrp9WGtlNEVWrXWC6aArOiojR3PW4arFwNG5ddKJPRfwot+ySc2YZy5RQ==",
      "license": "MIT",
      "dependencies": {
        "@remix-run/data-table": "^0.1.0"
      },
      "peerDependencies": {
        "mysql2": "^3.15.3"
      },
      "peerDependenciesMeta": {
        "mysql2": {
          "optional": true
        }
      }
    },
    "node_modules/@remix-run/data-table-postgres": {
      "version": "0.1.0",
      "resolved": "https://registry.npmjs.org/@remix-run/data-table-postgres/-/data-table-postgres-0.1.0.tgz",
      "integrity": "sha512-mqzARY5tOFVLjFAArryuLQ93M8IdjVnLKnD1VQyJHFbHQF7Zbr8+exv7Hp2hZ1TIGAhZiepGjjC8Re631yJ1Jw==",
      "license": "MIT",
      "dependencies": {
        "@remix-run/data-table": "^0.1.0"
      },
      "peerDependencies": {
        "pg": "^8.16.3"
      },
      "peerDependenciesMeta": {
        "pg": {
          "optional": true
        }
      }
    },
    "node_modules/@remix-run/data-table-sqlite": {
      "version": "0.1.0",
      "resolved": "https://registry.npmjs.org/@remix-run/data-table-sqlite/-/data-table-sqlite-0.1.0.tgz",
      "integrity": "sha512-hFtmz9haMr3p/aFWL5D1zpJsgAnNdLVCF6HvXBmtK4m3NdLmM1eNhblpB/SfPGNEODsmx4Jvcaof57dfaLuKgA==",
      "license": "MIT",
      "dependencies": {
        "@remix-run/data-table": "^0.1.0"
      },
      "peerDependencies": {
        "better-sqlite3": "^12.4.1"
      },
      "peerDependenciesMeta": {
        "better-sqlite3": {
          "optional": true
        }
      }
    },
    "node_modules/@remix-run/fetch-proxy": {
      "version": "0.7.1",
      "resolved": "https://registry.npmjs.org/@remix-run/fetch-proxy/-/fetch-proxy-0.7.1.tgz",
      "integrity": "sha512-rPLfOpAaCXtm1dLI45uIPKERNbXbrh0P9AJc1sliz8pWd/McaFYjdr5KzB4QrFSfPvEt/Wmy6F2521qB1kK0ug==",
      "license": "MIT",
      "dependencies": {
        "@remix-run/headers": "^0.19.0"
      }
    },
    "node_modules/@remix-run/fetch-router": {
      "version": "0.17.0",
      "resolved": "https://registry.npmjs.org/@remix-run/fetch-router/-/fetch-router-0.17.0.tgz",
      "integrity": "sha512-3FeJGrTqrKKCvZdQWijbCXTEHKcdttkLFbI2ogfpZ+iDYSNZ9036wgDXuuoZqg6d+D0E8Unhk5ZwrLKDCd/hOw==",
      "license": "MIT",
      "dependencies": {
        "@remix-run/route-pattern": "^0.19.0",
        "@remix-run/session": "^0.4.1"
      }
    },
    "node_modules/@remix-run/file-storage": {
      "version": "0.13.3",
      "resolved": "https://registry.npmjs.org/@remix-run/file-storage/-/file-storage-0.13.3.tgz",
      "integrity": "sha512-HBDz9RRsFRvI6EoeasklxH/NleGy0QZBXBcA4gQBW8ueucop21TQI4wvGlhZmXcnJ3nP4RkhdF2Gff2/HD5eiA==",
      "license": "MIT",
      "dependencies": {
        "@remix-run/fs": "^0.4.2",
        "@remix-run/lazy-file": "^5.0.2"
      }
    },
    "node_modules/@remix-run/file-storage-s3": {
      "version": "0.1.0",
      "resolved": "https://registry.npmjs.org/@remix-run/file-storage-s3/-/file-storage-s3-0.1.0.tgz",
      "integrity": "sha512-r80An7nSFidK/0xn9O9/HxfUcgxVpM4kprnTGr6pGhKdgbaTCEtA+U5ETYGfeedFxhDcT+7ue+4Fv/VxeIvFwQ==",
      "license": "MIT",
      "dependencies": {
        "@remix-run/file-storage": "^0.13.3",
        "aws4fetch": "^1.0.20"
      }
    },
    "node_modules/@remix-run/form-data-middleware": {
      "version": "0.1.4",
      "resolved": "https://registry.npmjs.org/@remix-run/form-data-middleware/-/form-data-middleware-0.1.4.tgz",
      "integrity": "sha512-WZfP1U6lDoipkfjcd0V39HJeTPMTX2WyaPcOBTbBHS0kapIZiHYm6RpGLhE8U58652i3TBh/zzvAczJIbFV2AA==",
      "license": "MIT",
      "dependencies": {
        "@remix-run/fetch-router": "^0.17.0",
        "@remix-run/form-data-parser": "^0.15.0"
      }
    },
    "node_modules/@remix-run/form-data-parser": {
      "version": "0.15.0",
      "resolved": "https://registry.npmjs.org/@remix-run/form-data-parser/-/form-data-parser-0.15.0.tgz",
      "integrity": "sha512-sQP4r9218TWmow6Nt252VjKE674dRi4Z8WTnWUxJJG8I/qNfnGZubZ8LgyE0dR9z1gfaEpkd19MfYMLiOTOkJQ==",
      "license": "MIT",
      "dependencies": {
        "@remix-run/multipart-parser": "^0.14.2"
      }
    },
    "node_modules/@remix-run/fs": {
      "version": "0.4.2",
      "resolved": "https://registry.npmjs.org/@remix-run/fs/-/fs-0.4.2.tgz",
      "integrity": "sha512-z3W2L+iUwgZ7i0S379SYQ8veOe2Weqs+JajmyTCqSVzbmMUniH3qQ6SAYr3FjbrKtLLWHN3SpK4XtFv57VzbLA==",
      "license": "MIT",
      "dependencies": {
        "@remix-run/lazy-file": "^5.0.2",
        "@remix-run/mime": "^0.4.0"
      }
    },
    "node_modules/@remix-run/headers": {
      "version": "0.19.0",
      "resolved": "https://registry.npmjs.org/@remix-run/headers/-/headers-0.19.0.tgz",
      "integrity": "sha512-+62NbkXuXm9r/NdG6KfH9OCKofCWm8VjkrVPICiHKtRl8Gf2Vi6eFTN4mGgBlZRhd5mmEVRV4hTIn/JUSHDAOw==",
      "license": "MIT"
    },
    "node_modules/@remix-run/html-template": {
      "version": "0.3.0",
      "resolved": "https://registry.npmjs.org/@remix-run/html-template/-/html-template-0.3.0.tgz",
      "integrity": "sha512-aAMx68udtIk0fmCpCXHYscVeCDsRVEmEgh4XvtusPr3vkHu3jn4gx5oAxgsPXPdDmmD/d75SYyI0m/F+aLz5iQ==",
      "license": "MIT"
    },
    "node_modules/@remix-run/interaction": {
      "version": "0.5.0",
      "resolved": "https://registry.npmjs.org/@remix-run/interaction/-/interaction-0.5.0.tgz",
      "integrity": "sha512-Z2ja9/7TfMHt/wzWq425GI2xj6QxW4E3OHZ8In81uytZKIuWaI6Pn3v8qyMrInwnBEaLcfcbeQVCiExgHU8D4A==",
      "license": "MIT"
    },
    "node_modules/@remix-run/lazy-file": {
      "version": "5.0.2",
      "resolved": "https://registry.npmjs.org/@remix-run/lazy-file/-/lazy-file-5.0.2.tgz",
      "integrity": "sha512-52Bo5dTV+EDwrUMS3mjeR+Sly85aHeN3fnNTeaflqzlCMWJwr2pX+y6/3mTDtRdxmTWF1MGQAoeayzfPb4zZJg==",
      "license": "MIT",
      "dependencies": {
        "@remix-run/mime": "^0.4.0"
      }
    },
    "node_modules/@remix-run/logger-middleware": {
      "version": "0.1.3",
      "resolved": "https://registry.npmjs.org/@remix-run/logger-middleware/-/logger-middleware-0.1.3.tgz",
      "integrity": "sha512-6gxz1XC2lJYQS3Oz1pZzxpuoLowwd2PSpimMaQnkk0fZ7hHYxx7uV+FSs2Z3fue6kYvZ+IxSUe8Wy52V2r4LxA==",
      "license": "MIT",
      "dependencies": {
        "@remix-run/fetch-router": "^0.17.0"
      }
    },
    "node_modules/@remix-run/method-override-middleware": {
      "version": "0.1.4",
      "resolved": "https://registry.npmjs.org/@remix-run/method-override-middleware/-/method-override-middleware-0.1.4.tgz",
      "integrity": "sha512-gYFsdY0eIStTpsqGnF/22YracUmS8cZlef6KsBKOVf1nOI9wwwbRrj/DWLMQsWt22YSBMuPYZW5NLKEmXvJRZw==",
      "license": "MIT",
      "dependencies": {
        "@remix-run/fetch-router": "^0.17.0"
      }
    },
    "node_modules/@remix-run/mime": {
      "version": "0.4.0",
      "resolved": "https://registry.npmjs.org/@remix-run/mime/-/mime-0.4.0.tgz",
      "integrity": "sha512-O6TcTL6CtuX82Q8BHqAere5O+0hYcrzSgY9whsDOBuqbW753Rczprs2jYw3qCDSo0kLxykW4ys3qgZcdgZ+chw==",
      "license": "MIT"
    },
    "node_modules/@remix-run/multipart-parser": {
      "version": "0.14.2",
      "resolved": "https://registry.npmjs.org/@remix-run/multipart-parser/-/multipart-parser-0.14.2.tgz",
      "integrity": "sha512-yDq9ql4Xz92bRG/Sgl4cg2dRlxxC6A40XBy/oyDhy76hJtTQvgyzx9sfPXYPxcfL1BtqljC+sYHE0PvjmQhSfw==",
      "license": "MIT",
      "dependencies": {
        "@remix-run/headers": "^0.19.0"
      }
    },
    "node_modules/@remix-run/node-fetch-server": {
      "version": "0.13.0",
      "resolved": "https://registry.npmjs.org/@remix-run/node-fetch-server/-/node-fetch-server-0.13.0.tgz",
      "integrity": "sha512-1EsNo0ZpgXu/90AWoRZf/oE3RVTUS80tiTUpt+hv5pjtAkw7icN4WskDwz/KdAw5ARbJLMhZBrO1NqThmy/McA==",
      "license": "MIT"
    },
    "node_modules/@remix-run/response": {
      "version": "0.3.2",
      "resolved": "https://registry.npmjs.org/@remix-run/response/-/response-0.3.2.tgz",
      "integrity": "sha512-GkFqVq5E7Do6rMKTBjgoNyJlrsLrqYg+TDlCDrXoZ3v8O2RlSI14+bCF8lGQHy15DWX2pizVj6R0e6NmjcuLuA==",
      "license": "MIT",
      "dependencies": {
        "@remix-run/headers": "^0.19.0",
        "@remix-run/html-template": "^0.3.0",
        "@remix-run/mime": "^0.4.0"
      }
    },
    "node_modules/@remix-run/route-pattern": {
      "version": "0.19.0",
      "resolved": "https://registry.npmjs.org/@remix-run/route-pattern/-/route-pattern-0.19.0.tgz",
      "integrity": "sha512-RXKaIJ2Lx01uyZc0iw+yLzowFCa1/NuB8jN7QTo4QUe2CaUGtvPGdhgrTUp75lyNNCSJIrM9SaAJ6c1pjZdmoA==",
      "license": "MIT"
    },
    "node_modules/@remix-run/session": {
      "version": "0.4.1",
      "resolved": "https://registry.npmjs.org/@remix-run/session/-/session-0.4.1.tgz",
      "integrity": "sha512-Bm6aKYgutb/raHZ3laloz8g/Qu7f3CeK3o4gUVDMxtEiAdWCzJamwHoTpGOc5+g1Kuy7z85v4M6nGrF06MFDSg==",
      "license": "MIT"
    },
    "node_modules/@remix-run/session-middleware": {
      "version": "0.1.4",
      "resolved": "https://registry.npmjs.org/@remix-run/session-middleware/-/session-middleware-0.1.4.tgz",
      "integrity": "sha512-qqLmf7mG88h+Ge8pWiJMO8+t9nfQMuO/Zx2W68IwB7Cpt+b6PDpB++i3dd/KLlsjJ43XPMoT2ydmo+eQMgBX3g==",
      "license": "MIT",
      "dependencies": {
        "@remix-run/cookie": "^0.5.1",
        "@remix-run/fetch-router": "^0.17.0",
        "@remix-run/session": "^0.4.1"
      }
    },
    "node_modules/@remix-run/session-storage-memcache": {
      "version": "0.1.0",
      "resolved": "https://registry.npmjs.org/@remix-run/session-storage-memcache/-/session-storage-memcache-0.1.0.tgz",
      "integrity": "sha512-k853rpHncdTJUwdk0hqd+gZ2OONZLNdOUJBKdJB+MehxrVv1TtacDnA+Xs3kh+IVwUrsTmBhED+GHSUocMATUg==",
      "license": "MIT",
      "dependencies": {
        "@remix-run/session": "^0.4.1"
      }
    },
    "node_modules/@remix-run/session-storage-redis": {
      "version": "0.1.0",
      "resolved": "https://registry.npmjs.org/@remix-run/session-storage-redis/-/session-storage-redis-0.1.0.tgz",
      "integrity": "sha512-MovUS1E98wDHP8zsESJGm3ySB7iiOhd+3usxyXXM2sbF9gIe6r1bdAXXirGIoC8AEq1v8IiFE5u5ipo7PX0UHQ==",
      "license": "MIT",
      "dependencies": {
        "@remix-run/session": "^0.4.1"
      },
      "peerDependencies": {
        "redis": "^5.10.0"
      },
      "peerDependenciesMeta": {
        "redis": {
          "optional": true
        }
      }
    },
    "node_modules/@remix-run/static-middleware": {
      "version": "0.4.4",
      "resolved": "https://registry.npmjs.org/@remix-run/static-middleware/-/static-middleware-0.4.4.tgz",
      "integrity": "sha512-aL5ngFG57uPXTEDaH0uP/cKDpYkLMTtmPjK+SR1ugS654ORk8WTD4Ajf56QekMykCvCnO6PkgFAruUyKkwDNMg==",
      "license": "MIT",
      "dependencies": {
        "@remix-run/fetch-router": "^0.17.0",
        "@remix-run/fs": "^0.4.2",
        "@remix-run/html-template": "^0.3.0",
        "@remix-run/mime": "^0.4.0",
        "@remix-run/response": "^0.3.2"
      }
    },
    "node_modules/@remix-run/tar-parser": {
      "version": "0.7.0",
      "resolved": "https://registry.npmjs.org/@remix-run/tar-parser/-/tar-parser-0.7.0.tgz",
      "integrity": "sha512-PW8JxEUzaGcnqxC5hBI8L9lK/Qz3oad6IGKZ+NExI3L7urVJUux+yCBrsme79DMBgS6hL+lgd/5LPFA5fSwF9A==",
      "license": "MIT"
    },
    "node_modules/@standard-schema/spec": {
      "version": "1.1.0",
      "resolved": "https://registry.npmjs.org/@standard-schema/spec/-/spec-1.1.0.tgz",
      "integrity": "sha512-l2aFy5jALhniG5HgqrD6jXLi/rUWrKvqN/qJx6yoJsgKhblVd+iqqU4RCXavm/jPityDo5TCvKMnpjKnOriy0w==",
      "license": "MIT"
    },
    "node_modules/@types/node": {
      "version": "20.19.39",
      "resolved": "https://registry.npmjs.org/@types/node/-/node-20.19.39.tgz",
      "integrity": "sha512-orrrD74MBUyK8jOAD/r0+lfa1I2MO6I+vAkmAWzMYbCcgrN4lCrmK52gRFQq/JRxfYPfonkr4b0jcY7Olqdqbw==",
      "dev": true,
      "license": "MIT",
      "dependencies": {
        "undici-types": "~6.21.0"
      }
    },
    "node_modules/aws4fetch": {
      "version": "1.0.20",
      "resolved": "https://registry.npmjs.org/aws4fetch/-/aws4fetch-1.0.20.tgz",
      "integrity": "sha512-/djoAN709iY65ETD6LKCtyyEI04XIBP5xVvfmNxsEP0uJB5tyaGBztSryRr4HqMStr9R06PisQE7m9zDTXKu6g==",
      "license": "MIT"
    },
    "node_modules/esbuild": {
      "version": "0.20.2",
      "resolved": "https://registry.npmjs.org/esbuild/-/esbuild-0.20.2.tgz",
      "integrity": "sha512-WdOOppmUNU+IbZ0PaDiTst80zjnrOkyJNHoKupIcVyU8Lvla3Ugx94VzkQ32Ijqd7UhHJy75gNWDMUekcrSJ6g==",
      "dev": true,
      "hasInstallScript": true,
      "license": "MIT",
      "bin": {
        "esbuild": "bin/esbuild"
      },
      "engines": {
        "node": ">=12"
      },
      "optionalDependencies": {
        "@esbuild/aix-ppc64": "0.20.2",
        "@esbuild/android-arm": "0.20.2",
        "@esbuild/android-arm64": "0.20.2",
        "@esbuild/android-x64": "0.20.2",
        "@esbuild/darwin-arm64": "0.20.2",
        "@esbuild/darwin-x64": "0.20.2",
        "@esbuild/freebsd-arm64": "0.20.2",
        "@esbuild/freebsd-x64": "0.20.2",
        "@esbuild/linux-arm": "0.20.2",
        "@esbuild/linux-arm64": "0.20.2",
        "@esbuild/linux-ia32": "0.20.2",
        "@esbuild/linux-loong64": "0.20.2",
        "@esbuild/linux-mips64el": "0.20.2",
        "@esbuild/linux-ppc64": "0.20.2",
        "@esbuild/linux-riscv64": "0.20.2",
        "@esbuild/linux-s390x": "0.20.2",
        "@esbuild/linux-x64": "0.20.2",
        "@esbuild/netbsd-x64": "0.20.2",
        "@esbuild/openbsd-x64": "0.20.2",
        "@esbuild/sunos-x64": "0.20.2",
        "@esbuild/win32-arm64": "0.20.2",
        "@esbuild/win32-ia32": "0.20.2",
        "@esbuild/win32-x64": "0.20.2"
      }
    },
    "node_modules/remix": {
      "version": "3.0.0-alpha.3",
      "resolved": "https://registry.npmjs.org/remix/-/remix-3.0.0-alpha.3.tgz",
      "integrity": "sha512-RIctAYR7OW3oYzAGclLhgltrRtKviIdnCVwoLcPDicOjV4I2mJ9AEi8YXl2+hGPupzNNEUcrDtoICd7xNuMptg==",
      "license": "MIT",
      "dependencies": {
        "@remix-run/async-context-middleware": "^0.1.3",
        "@remix-run/component": "^0.5.0",
        "@remix-run/compression-middleware": "^0.1.3",
        "@remix-run/cookie": "^0.5.1",
        "@remix-run/data-schema": "^0.1.0",
        "@remix-run/data-table": "^0.1.0",
        "@remix-run/data-table-mysql": "^0.1.0",
        "@remix-run/data-table-postgres": "^0.1.0",
        "@remix-run/data-table-sqlite": "^0.1.0",
        "@remix-run/fetch-proxy": "^0.7.1",
        "@remix-run/fetch-router": "^0.17.0",
        "@remix-run/file-storage": "^0.13.3",
        "@remix-run/file-storage-s3": "^0.1.0",
        "@remix-run/form-data-middleware": "^0.1.4",
        "@remix-run/form-data-parser": "^0.15.0",
        "@remix-run/fs": "^0.4.2",
        "@remix-run/headers": "^0.19.0",
        "@remix-run/html-template": "^0.3.0",
        "@remix-run/interaction": "^0.5.0",
        "@remix-run/lazy-file": "^5.0.2",
        "@remix-run/logger-middleware": "^0.1.3",
        "@remix-run/method-override-middleware": "^0.1.4",
        "@remix-run/mime": "^0.4.0",
        "@remix-run/multipart-parser": "^0.14.2",
        "@remix-run/node-fetch-server": "^0.13.0",
        "@remix-run/response": "^0.3.2",
        "@remix-run/route-pattern": "^0.19.0",
        "@remix-run/session": "^0.4.1",
        "@remix-run/session-middleware": "^0.1.4",
        "@remix-run/session-storage-memcache": "^0.1.0",
        "@remix-run/session-storage-redis": "^0.1.0",
        "@remix-run/static-middleware": "^0.4.4",
        "@remix-run/tar-parser": "^0.7.0"
      }
    },
    "node_modules/typescript": {
      "version": "5.9.3",
      "resolved": "https://registry.npmjs.org/typescript/-/typescript-5.9.3.tgz",
      "integrity": "sha512-jl1vZzPDinLr9eUt3J/t7V6FgNEw9QjvBPdysz9KfQDD41fQrC2Y4vKQdiaUpFT4bXlb1RHhLpp8wtm6M5TgSw==",
      "dev": true,
      "license": "Apache-2.0",
      "bin": {
        "tsc": "bin/tsc",
        "tsserver": "bin/tsserver"
      },
      "engines": {
        "node": ">=14.17"
      }
    },
    "node_modules/undici-types": {
      "version": "6.21.0",
      "resolved": "https://registry.npmjs.org/undici-types/-/undici-types-6.21.0.tgz",
      "integrity": "sha512-iwDZqg0QAGrg9Rav5H4n0M64c3mkR59cJ6wQp+7C4nI0gsmExaedaYLNO44eT4AtBBwjbTiGPMlt2Md0T9H9JQ==",
      "dev": true,
      "license": "MIT"
    }
  }
}
